
Microsoft Visual Studio Solution File, Format Version 12.00
# Visual Studio Version 17
VisualStudioVersion = 17.8.34219.65
MinimumVisualStudioVersion = 10.0.40219.1
Project("{FAE04EC0-301F-11D3-BF4B-00C04F79EFBC}") = "BookStore.API", "BookStore.API\BookStore.API.csproj", "{271149A0-66B6-4C6D-9F39-8E315A347BA5}"
EndProject
Project("{FAE04EC0-301F-11D3-BF4B-00C04F79EFBC}") = "BookStore.Data", "BookStore.Data\BookStore.Data.csproj", "{387656D1-5D1F-448D-A2DC-9924C1B20040}"
EndProject
Project("{FAE04EC0-301F-11D3-BF4B-00C04F79EFBC}") = "BookStore.Data.Test", "BookStore.Data.Test\BookStore.Data.Test.csproj", "{C311D45D-0A66-4C32-84DC-E5E152AE9ADE}"
EndProject
Global
	GlobalSection(SolutionConfigurationPlatforms) = preSolution
		Debug|Any CPU = Debug|Any CPU
		Release|Any CPU = Release|Any CPU
	EndGlobalSection
	GlobalSection(ProjectConfigurationPlatforms) = postSolution
		{271149A0-66B6-4C6D-9F39-8E315A347BA5}.Debug|Any CPU.ActiveCfg = Debug|Any CPU
		{271149A0-66B6-4C6D-9F39-8E315A347BA5}.Debug|Any CPU.Build.0 = Debug|Any CPU
		{271149A0-66B6-4C6D-9F39-8E315A347BA5}.Release|Any CPU.ActiveCfg = Release|Any CPU
		{271149A0-66B6-4C6D-9F39-8E315A347BA5}.Release|Any CPU.Build.0 = Release|Any CPU
		{387656D1-5D1F-448D-A2DC-9924C1B20040}.Debug|Any CPU.ActiveCfg = Debug|Any CPU
		{387656D1-5D1F-448D-A2DC-9924C1B20040}.Debug|Any CPU.Build.0 = Debug|Any CPU
		{387656D1-5D1F-448D-A2DC-9924C1B20040}.Release|Any CPU.ActiveCfg = Release|Any CPU
		{387656D1-5D1F-448D-A2DC-9924C1B20040}.Release|Any CPU.Build.0 = Release|Any CPU
		{C311D45D-0A66-4C32-84DC-E5E152AE9ADE}.Debug|Any CPU.ActiveCfg = Debug|Any CPU
		{C311D45D-0A66-4C32-84DC-E5E152AE9ADE}.Debug|Any CPU.Build.0 = Debug|Any CPU
		{C311D45D-0A66-4C32-84DC-E5E152AE9ADE}.Release|Any CPU.ActiveCfg = Release|Any CPU
		{C311D45D-0A66-4C32-84DC-E5E152AE9ADE}.Release|Any CPU.Build.0 = Release|Any CPU
	EndGlobalSection
	GlobalSection(SolutionProperties) = preSolution
		HideSolutionNode = FALSE
	EndGlobalSection
	GlobalSection(ExtensibilityGlobals) = postSolution
		SolutionGuid = {46E771E3-E1F0-4207-BDFA-BB849D3FE082}
	EndGlobalSection
EndGlobal
